
Microsoft Visual Studio Solution File, Format Version 12.00
# Visual Studio Version 16
VisualStudioVersion = 16.0.29905.134
MinimumVisualStudioVersion = 10.0.40219.1
Project("{FAE04EC0-301F-11D3-BF4B-00C04F79EFBC}") = "DotNetNote.Apis", "DotNetNote.Apis\DotNetNote.Apis.csproj", "{0BA0942A-45CE-4137-BCBE-4BD67BEACDFE}"
EndProject
Global
	GlobalSection(SolutionConfigurationPlatforms) = preSolution
		Debug|Any CPU = Debug|Any CPU
		Release|Any CPU = Release|Any CPU
	EndGlobalSection
	GlobalSection(ProjectConfigurationPlatforms) = postSolution
		{0BA0942A-45CE-4137-BCBE-4BD67BEACDFE}.Debug|Any CPU.ActiveCfg = Debug|Any CPU
		{0BA0942A-45CE-4137-BCBE-4BD67BEACDFE}.Debug|Any CPU.Build.0 = Debug|Any CPU
		{0BA0942A-45CE-4137-BCBE-4BD67BEACDFE}.Release|Any CPU.ActiveCfg = Release|Any CPU
		{0BA0942A-45CE-4137-BCBE-4BD67BEACDFE}.Release|Any CPU.Build.0 = Release|Any CPU
	EndGlobalSection
	GlobalSection(SolutionProperties) = preSolution
		HideSolutionNode = FALSE
	EndGlobalSection
	GlobalSection(ExtensibilityGlobals) = postSolution
		SolutionGuid = {6ED6A8EA-91C4-4BC6-8FD7-899BF0F8EFAC}
	EndGlobalSection
EndGlobal
